
Microsoft Visual Studio Solution File, Format Version 12.00
# Visual Studio 15
Project("{FAE04EC0-301F-11D3-BF4B-00C04F79EFBC}") = "Assembly-CSharp", "Assembly-CSharp.csproj", "{C2F03D1D-8675-177A-DABC-315101A17A01}"
EndProject
Project("{FAE04EC0-301F-11D3-BF4B-00C04F79EFBC}") = "Assembly-CSharp-Editor", "Assembly-CSharp-Editor.csproj", "{18856BFB-EEE4-D783-466A-6B3BF37E40BD}"
EndProject
Global
	GlobalSection(SolutionConfigurationPlatforms) = preSolution
		Debug|Any CPU = Debug|Any CPU
		Release|Any CPU = Release|Any CPU
	EndGlobalSection
	GlobalSection(ProjectConfigurationPlatforms) = postSolution
		{C2F03D1D-8675-177A-DABC-315101A17A01}.Debug|Any CPU.ActiveCfg = Debug|Any CPU
		{C2F03D1D-8675-177A-DABC-315101A17A01}.Debug|Any CPU.Build.0 = Debug|Any CPU
		{C2F03D1D-8675-177A-DABC-315101A17A01}.Release|Any CPU.ActiveCfg = Release|Any CPU
		{C2F03D1D-8675-177A-DABC-315101A17A01}.Release|Any CPU.Build.0 = Release|Any CPU
		{18856BFB-EEE4-D783-466A-6B3BF37E40BD}.Debug|Any CPU.ActiveCfg = Debug|Any CPU
		{18856BFB-EEE4-D783-466A-6B3BF37E40BD}.Debug|Any CPU.Build.0 = Debug|Any CPU
		{18856BFB-EEE4-D783-466A-6B3BF37E40BD}.Release|Any CPU.ActiveCfg = Release|Any CPU
		{18856BFB-EEE4-D783-466A-6B3BF37E40BD}.Release|Any CPU.Build.0 = Release|Any CPU
	EndGlobalSection
	GlobalSection(SolutionProperties) = preSolution
		HideSolutionNode = FALSE
	EndGlobalSection
EndGlobal
